// !$*UTF8*$!
{
	archiveVersion = 1;
	classes = {
	};
	objectVersion = 56;
	objects = {

/* Begin PBXBuildFile section */
		FAFB93EC29AB7FE700B7BBC9 /* AppDelegate.swift in Sources */ = {isa = PBXBuildFile; fileRef = FAFB93EB29AB7FE700B7BBC9 /* AppDelegate.swift */; };
		FAFB93EE29AB7FE700B7BBC9 /* SceneDelegate.swift in Sources */ = {isa = PBXBuildFile; fileRef = FAFB93ED29AB7FE700B7BBC9 /* SceneDelegate.swift */; };
		FAFB93F029AB7FE700B7BBC9 /* ViewController.swift in Sources */ = {isa = PBXBuildFile; fileRef = FAFB93EF29AB7FE700B7BBC9 /* ViewController.swift */; };
		FAFB93F329AB7FE700B7BBC9 /* Main.storyboard in Resources */ = {isa = PBXBuildFile; fileRef = FAFB93F129AB7FE700B7BBC9 /* Main.storyboard */; };
		FAFB93F629AB7FE700B7BBC9 /* MemoGame.xcdatamodeld in Sources */ = {isa = PBXBuildFile; fileRef = FAFB93F429AB7FE700B7BBC9 /* MemoGame.xcdatamodeld */; };
		FAFB93F829AB7FE700B7BBC9 /* Assets.xcassets in Resources */ = {isa = PBXBuildFile; fileRef = FAFB93F729AB7FE700B7BBC9 /* Assets.xcassets */; };
		FAFB93FB29AB7FE700B7BBC9 /* LaunchScreen.storyboard in Resources */ = {isa = PBXBuildFile; fileRef = FAFB93F929AB7FE700B7BBC9 /* LaunchScreen.storyboard */; };
/* End PBXBuildFile section */

/* Begin PBXFileReference section */
		FAFB93E829AB7FE700B7BBC9 /* MemoGame.app */ = {isa = PBXFileReference; explicitFileType = wrapper.application; includeInIndex = 0; path = MemoGame.app; sourceTree = BUILT_PRODUCTS_DIR; };
		FAFB93EB29AB7FE700B7BBC9 /* AppDelegate.swift */ = {isa = PBXFileReference; lastKnownFileType = sourcecode.swift; path = AppDelegate.swift; sourceTree = "<group>"; };
		FAFB93ED29AB7FE700B7BBC9 /* SceneDelegate.swift */ = {isa = PBXFileReference; lastKnownFileType = sourcecode.swift; path = SceneDelegate.swift; sourceTree = "<group>"; };
		FAFB93EF29AB7FE700B7BBC9 /* ViewController.swift */ = {isa = PBXFileReference; lastKnownFileType = sourcecode.swift; path = ViewController.swift; sourceTree = "<group>"; };
		FAFB93F229AB7FE700B7BBC9 /* Base */ = {isa = PBXFileReference; lastKnownFileType = file.storyboard; name = Base; path = Base.lproj/Main.storyboard; sourceTree = "<group>"; };
		FAFB93F529AB7FE700B7BBC9 /* MemoGame.xcdatamodel */ = {isa = PBXFileReference; lastKnownFileType = wrapper.xcdatamodel; path = MemoGame.xcdatamodel; sourceTree = "<group>"; };
		FAFB93F729AB7FE700B7BBC9 /* Assets.xcassets */ = {isa = PBXFileReference; lastKnownFileType = folder.assetcatalog; path = Assets.xcassets; sourceTree = "<group>"; };
		FAFB93FA29AB7FE700B7BBC9 /* Base */ = {isa = PBXFileReference; lastKnownFileType = file.storyboard; name = Base; path = Base.lproj/LaunchScreen.storyboard; sourceTree = "<group>"; };
		FAFB93FC29AB7FE700B7BBC9 /* Info.plist */ = {isa = PBXFileReference; lastKnownFileType = text.plist.xml; path = Info.plist; sourceTree = "<group>"; };
/* End PBXFileReference section */

/* Begin PBXFrameworksBuildPhase section */
		FAFB93E529AB7FE700B7BBC9 /* Frameworks */ = {
			isa = PBXFrameworksBuildPhase;
			buildActionMask = 2147483647;
			files = (
			);
			runOnlyForDeploymentPostprocessing = 0;
		};
/* End PBXFrameworksBuildPhase section */

/* Begin PBXGroup section */
		FAFB93DF29AB7FE700B7BBC9 = {
			isa = PBXGroup;
			children = (
				FAFB93EA29AB7FE700B7BBC9 /* MemoGame */,
				FAFB93E929AB7FE700B7BBC9 /* Products */,
			);
			sourceTree = "<group>";
		};
		FAFB93E929AB7FE700B7BBC9 /* Products */ = {
			isa = PBXGroup;
			children = (
				FAFB93E829AB7FE700B7BBC9 /* MemoGame.app */,
			);
			name = Products;
			sourceTree = "<group>";
		};
		FAFB93EA29AB7FE700B7BBC9 /* MemoGame */ = {
			isa = PBXGroup;
			children = (
				FAFB93EB29AB7FE700B7BBC9 /* AppDelegate.swift */,
				FAFB93ED29AB7FE700B7BBC9 /* SceneDelegate.swift */,
				FAFB93EF29AB7FE700B7BBC9 /* ViewController.swift */,
				FAFB93F129AB7FE700B7BBC9 /* Main.storyboard */,
				FAFB93F729AB7FE700B7BBC9 /* Assets.xcassets */,
				FAFB93F929AB7FE700B7BBC9 /* LaunchScreen.storyboard */,
				FAFB93FC29AB7FE700B7BBC9 /* Info.plist */,
				FAFB93F429AB7FE700B7BBC9 /* MemoGame.xcdatamodeld */,
			);
			path = MemoGame;
			sourceTree = "<group>";
		};
/* End PBXGroup section */

/* Begin PBXNativeTarget section */
		FAFB93E729AB7FE700B7BBC9 /* MemoGame */ = {
			isa = PBXNativeTarget;
			buildConfigurationList = FAFB93FF29AB7FE700B7BBC9 /* Build configuration list for PBXNativeTarget "MemoGame" */;
			buildPhases = (
				FAFB93E429AB7FE700B7BBC9 /* Sources */,
				FAFB93E529AB7FE700B7BBC9 /* Frameworks */,
				FAFB93E629AB7FE700B7BBC9 /* Resources */,
			);
			buildRules = (
			);
			dependencies = (
			);
			name = MemoGame;
			productName = MemoGame;
			productReference = FAFB93E829AB7FE700B7BBC9 /* MemoGame.app */;
			productType = "com.apple.product-type.application";
		};
/* End PBXNativeTarget section */

/* Begin PBXProject section */
		FAFB93E029AB7FE700B7BBC9 /* Project object */ = {
			isa = PBXProject;
			attributes = {
				BuildIndependentTargetsInParallel = 1;
				LastSwiftUpdateCheck = 1420;
				LastUpgradeCheck = 1420;
				TargetAttributes = {
					FAFB93E729AB7FE700B7BBC9 = {
						CreatedOnToolsVersion = 14.2;
					};
				};
			};
			buildConfigurationList = FAFB93E329AB7FE700B7BBC9 /* Build configuration list for PBXProject "MemoGame" */;
			compatibilityVersion = "Xcode 14.0";
			developmentRegion = en;
			hasScannedForEncodings = 0;
			knownRegions = (
				en,
				Base,
			);
			mainGroup = FAFB93DF29AB7FE700B7BBC9;
			productRefGroup = FAFB93E929AB7FE700B7BBC9 /* Products */;
			projectDirPath = "";
			projectRoot = "";
			targets = (
				FAFB93E729AB7FE700B7BBC9 /* MemoGame */,
			);
		};
/* End PBXProject section */

/* Begin PBXResourcesBuildPhase section */
		FAFB93E629AB7FE700B7BBC9 /* Resources */ = {
			isa = PBXResourcesBuildPhase;
			buildActionMask = 2147483647;
			files = (
				FAFB93FB29AB7FE700B7BBC9 /* LaunchScreen.storyboard in Resources */,
				FAFB93F829AB7FE700B7BBC9 /* Assets.xcassets in Resources */,
				FAFB93F329AB7FE700B7BBC9 /* Main.storyboard in Resources */,
			);
			runOnlyForDeploymentPostprocessing = 0;
		};
/* End PBXResourcesBuildPhase section */

/* Begin PBXSourcesBuildPhase section */
		FAFB93E429AB7FE700B7BBC9 /* Sources */ = {
			isa = PBXSourcesBuildPhase;
			buildActionMask = 2147483647;
			files = (
				FAFB93F029AB7FE700B7BBC9 /* ViewController.swift in Sources */,
				FAFB93F629AB7FE700B7BBC9 /* MemoGame.xcdatamodeld in Sources */,
				FAFB93EC29AB7FE700B7BBC9 /* AppDelegate.swift in Sources */,
				FAFB93EE29AB7FE700B7BBC9 /* SceneDelegate.swift in Sources */,
			);
			runOnlyForDeploymentPostprocessing = 0;
		};
/* End PBXSourcesBuildPhase section */

/* Begin PBXVariantGroup section */
		FAFB93F129AB7FE700B7BBC9 /* Main.storyboard */ = {
			isa = PBXVariantGroup;
			children = (
				FAFB93F229AB7FE700B7BBC9 /* Base */,
			);
			name = Main.storyboard;
			sourceTree = "<group>";
		};
		FAFB93F929AB7FE700B7BBC9 /* LaunchScreen.storyboard */ = {
			isa = PBXVariantGroup;
			children = (
				FAFB93FA29AB7FE700B7BBC9 /* Base */,
			);
			name = LaunchScreen.storyboard;
			sourceTree = "<group>";
		};
/* End PBXVariantGroup section */

/* Begin XCBuildConfiguration section */
		FAFB93FD29AB7FE700B7BBC9 /* Debug */ = {
			isa = XCBuildConfiguration;
			buildSettings = {
				ALWAYS_SEARCH_USER_PATHS = NO;
				CLANG_ANALYZER_NONNULL = YES;
				CLANG_ANALYZER_NUMBER_OBJECT_CONVERSION = YES_AGGRESSIVE;
				CLANG_CXX_LANGUAGE_STANDARD = "gnu++20";
				CLANG_ENABLE_MODULES = YES;
				CLANG_ENABLE_OBJC_ARC = YES;
				CLANG_ENABLE_OBJC_WEAK = YES;
				CLANG_WARN_BLOCK_CAPTURE_AUTORELEASING = YES;
				CLANG_WARN_BOOL_CONVERSION = YES;
				CLANG_WARN_COMMA = YES;
				CLANG_WARN_CONSTANT_CONVERSION = YES;
				CLANG_WARN_DEPRECATED_OBJC_IMPLEMENTATIONS = YES;
				CLANG_WARN_DIRECT_OBJC_ISA_USAGE = YES_ERROR;
				CLANG_WARN_DOCUMENTATION_COMMENTS = YES;
				CLANG_WARN_EMPTY_BODY = YES;
				CLANG_WARN_ENUM_CONVERSION = YES;
				CLANG_WARN_INFINITE_RECURSION = YES;
				CLANG_WARN_INT_CONVERSION = YES;
				CLANG_WARN_NON_LITERAL_NULL_CONVERSION = YES;
				CLANG_WARN_OBJC_IMPLICIT_RETAIN_SELF = YES;
				CLANG_WARN_OBJC_LITERAL_CONVERSION = YES;
				CLANG_WARN_OBJC_ROOT_CLASS = YES_ERROR;
				CLANG_WARN_QUOTED_INCLUDE_IN_FRAMEWORK_HEADER = YES;
				CLANG_WARN_RANGE_LOOP_ANALYSIS = YES;
				CLANG_WARN_STRICT_PROTOTYPES = YES;
				CLANG_WARN_SUSPICIOUS_MOVE = YES;
				CLANG_WARN_UNGUARDED_AVAILABILITY = YES_AGGRESSIVE;
				CLANG_WARN_UNREACHABLE_CODE = YES;
				CLANG_WARN__DUPLICATE_METHOD_MATCH = YES;
				COPY_PHASE_STRIP = NO;
				DEBUG_INFORMATION_FORMAT = dwarf;
				ENABLE_STRICT_OBJC_MSGSEND = YES;
				ENABLE_TESTABILITY = YES;
				GCC_C_LANGUAGE_STANDARD = gnu11;
				GCC_DYNAMIC_NO_PIC = NO;
				GCC_NO_COMMON_BLOCKS = YES;
				GCC_OPTIMIZATION_LEVEL = 0;
				GCC_PREPROCESSOR_DEFINITIONS = (
					"DEBUG=1",
					"$(inherited)",
				);
				GCC_WARN_64_TO_32_BIT_CONVERSION = YES;
				GCC_WARN_ABOUT_RETURN_TYPE = YES_ERROR;
				GCC_WARN_UNDECLARED_SELECTOR = YES;
				GCC_WARN_UNINITIALIZED_AUTOS = YES_AGGRESSIVE;
				GCC_WARN_UNUSED_FUNCTION = YES;
				GCC_WARN_UNUSED_VARIABLE = YES;
				IPHONEOS_DEPLOYMENT_TARGET = 16.2;
				MTL_ENABLE_DEBUG_INFO = INCLUDE_SOURCE;
				MTL_FAST_MATH = YES;
				ONLY_ACTIVE_ARCH = YES;
				SDKROOT = iphoneos;
				SWIFT_ACTIVE_COMPILATION_CONDITIONS = DEBUG;
				SWIFT_OPTIMIZATION_LEVEL = "-Onone";
			};
			name = Debug;
		};
		FAFB93FE29AB7FE700B7BBC9 /* Release */ = {
			isa = XCBuildConfiguration;
			buildSettings = {
				ALWAYS_SEARCH_USER_PATHS = NO;
				CLANG_ANALYZER_NONNULL = YES;
				CLANG_ANALYZER_NUMBER_OBJECT_CONVERSION = YES_AGGRESSIVE;
				CLANG_CXX_LANGUAGE_STANDARD = "gnu++20";
				CLANG_ENABLE_MODULES = YES;
				CLANG_ENABLE_OBJC_ARC = YES;
				CLANG_ENABLE_OBJC_WEAK = YES;
				CLANG_WARN_BLOCK_CAPTURE_AUTORELEASING = YES;
				CLANG_WARN_BOOL_CONVERSION = YES;
				CLANG_WARN_COMMA = YES;
				CLANG_WARN_CONSTANT_CONVERSION = YES;
				CLANG_WARN_DEPRECATED_OBJC_IMPLEMENTATIONS = YES;
				CLANG_WARN_DIRECT_OBJC_ISA_USAGE = YES_ERROR;
				CLANG_WARN_DOCUMENTATION_COMMENTS = YES;
				CLANG_WARN_EMPTY_BODY = YES;
				CLANG_WARN_ENUM_CONVERSION = YES;
				CLANG_WARN_INFINITE_RECURSION = YES;
				CLANG_WARN_INT_CONVERSION = YES;
				CLANG_WARN_NON_LITERAL_NULL_CONVERSION = YES;
				CLANG_WARN_OBJC_IMPLICIT_RETAIN_SELF = YES;
				CLANG_WARN_OBJC_LITERAL_CONVERSION = YES;
				CLANG_WARN_OBJC_ROOT_CLASS = YES_ERROR;
				CLANG_WARN_QUOTED_INCLUDE_IN_FRAMEWORK_HEADER = YES;
				CLANG_WARN_RANGE_LOOP_ANALYSIS = YES;
				CLANG_WARN_STRICT_PROTOTYPES = YES;
				CLANG_WARN_SUSPICIOUS_MOVE = YES;
				CLANG_WARN_UNGUARDED_AVAILABILITY = YES_AGGRESSIVE;
				CLANG_WARN_UNREACHABLE_CODE = YES;
				CLANG_WARN__DUPLICATE_METHOD_MATCH = YES;
				COPY_PHASE_STRIP = NO;
				DEBUG_INFORMATION_FORMAT = "dwarf-with-dsym";
				ENABLE_NS_ASSERTIONS = NO;
				ENABLE_STRICT_OBJC_MSGSEND = YES;
				GCC_C_LANGUAGE_STANDARD = gnu11;
				GCC_NO_COMMON_BLOCKS = YES;
				GCC_WARN_64_TO_32_BIT_CONVERSION = YES;
				GCC_WARN_ABOUT_RETURN_TYPE = YES_ERROR;
				GCC_WARN_UNDECLARED_SELECTOR = YES;
				GCC_WARN_UNINITIALIZED_AUTOS = YES_AGGRESSIVE;
				GCC_WARN_UNUSED_FUNCTION = YES;
				GCC_WARN_UNUSED_VARIABLE = YES;
				IPHONEOS_DEPLOYMENT_TARGET = 16.2;
				MTL_ENABLE_DEBUG_INFO = NO;
				MTL_FAST_MATH = YES;
				SDKROOT = iphoneos;
				SWIFT_COMPILATION_MODE = wholemodule;
				SWIFT_OPTIMIZATION_LEVEL = "-O";
				VALIDATE_PRODUCT = YES;
			};
			name = Release;
		};
		FAFB940029AB7FE700B7BBC9 /* Debug */ = {
			isa = XCBuildConfiguration;
			buildSettings = {
				ASSETCATALOG_COMPILER_APPICON_NAME = AppIcon;
				ASSETCATALOG_COMPILER_GLOBAL_ACCENT_COLOR_NAME = AccentColor;
				CODE_SIGN_STYLE = Automatic;
				CURRENT_PROJECT_VERSION = 1;
				DEVELOPMENT_TEAM = P6L838D4AA;
				GENERATE_INFOPLIST_FILE = YES;
				INFOPLIST_FILE = MemoGame/Info.plist;
				INFOPLIST_KEY_UIApplicationSupportsIndirectInputEvents = YES;
				INFOPLIST_KEY_UILaunchStoryboardName = LaunchScreen;
				INFOPLIST_KEY_UIMainStoryboardFile = Main;
				INFOPLIST_KEY_UISupportedInterfaceOrientations_iPad = "UIInterfaceOrientationPortrait UIInterfaceOrientationPortraitUpsideDown UIInterfaceOrientationLandscapeLeft UIInterfaceOrientationLandscapeRight";
				INFOPLIST_KEY_UISupportedInterfaceOrientations_iPhone = "UIInterfaceOrientationPortrait UIInterfaceOrientationLandscapeLeft UIInterfaceOrientationLandscapeRight";
				LD_RUNPATH_SEARCH_PATHS = (
					"$(inherited)",
					"@executable_path/Frameworks",
				);
				MARKETING_VERSION = 1.0;
				PRODUCT_BUNDLE_IDENTIFIER = oldra.MemoGame;
				PRODUCT_NAME = "$(TARGET_NAME)";
				SWIFT_EMIT_LOC_STRINGS = YES;
				SWIFT_VERSION = 5.0;
				TARGETED_DEVICE_FAMILY = "1,2";
			};
			name = Debug;
		};
		FAFB940129AB7FE700B7BBC9 /* Release */ = {
			isa = XCBuildConfiguration;
			buildSettings = {
				ASSETCATALOG_COMPILER_APPICON_NAME = AppIcon;
				ASSETCATALOG_COMPILER_GLOBAL_ACCENT_COLOR_NAME = AccentColor;
				CODE_SIGN_STYLE = Automatic;
				CURRENT_PROJECT_VERSION = 1;
				DEVELOPMENT_TEAM = P6L838D4AA;
				GENERATE_INFOPLIST_FILE = YES;
				INFOPLIST_FILE = MemoGame/Info.plist;
				INFOPLIST_KEY_UIApplicationSupportsIndirectInputEvents = YES;
				INFOPLIST_KEY_UILaunchStoryboardName = LaunchScreen;
				INFOPLIST_KEY_UIMainStoryboardFile = Main;
				INFOPLIST_KEY_UISupportedInterfaceOrientations_iPad = "UIInterfaceOrientationPortrait UIInterfaceOrientationPortraitUpsideDown UIInterfaceOrientationLandscapeLeft UIInterfaceOrientationLandscapeRight";
				INFOPLIST_KEY_UISupportedInterfaceOrientations_iPhone = "UIInterfaceOrientationPortrait UIInterfaceOrientationLandscapeLeft UIInterfaceOrientationLandscapeRight";
				LD_RUNPATH_SEARCH_PATHS = (
					"$(inherited)",
					"@executable_path/Frameworks",
				);
				MARKETING_VERSION = 1.0;
				PRODUCT_BUNDLE_IDENTIFIER = oldra.MemoGame;
				PRODUCT_NAME = "$(TARGET_NAME)";
				SWIFT_EMIT_LOC_STRINGS = YES;
				SWIFT_VERSION = 5.0;
				TARGETED_DEVICE_FAMILY = "1,2";
			};
			name = Release;
		};
/* End XCBuildConfiguration section */

/* Begin XCConfigurationList section */
		FAFB93E329AB7FE700B7BBC9 /* Build configuration list for PBXProject "MemoGame" */ = {
			isa = XCConfigurationList;
			buildConfigurations = (
				FAFB93FD29AB7FE700B7BBC9 /* Debug */,
				FAFB93FE29AB7FE700B7BBC9 /* Release */,
			);
			defaultConfigurationIsVisible = 0;
			defaultConfigurationName = Release;
		};
		FAFB93FF29AB7FE700B7BBC9 /* Build configuration list for PBXNativeTarget "MemoGame" */ = {
			isa = XCConfigurationList;
			buildConfigurations = (
				FAFB940029AB7FE700B7BBC9 /* Debug */,
				FAFB940129AB7FE700B7BBC9 /* Release */,
			);
			defaultConfigurationIsVisible = 0;
			defaultConfigurationName = Release;
		};
/* End XCConfigurationList section */

/* Begin XCVersionGroup section */
		FAFB93F429AB7FE700B7BBC9 /* MemoGame.xcdatamodeld */ = {
			isa = XCVersionGroup;
			children = (
				FAFB93F529AB7FE700B7BBC9 /* MemoGame.xcdatamodel */,
			);
			currentVersion = FAFB93F529AB7FE700B7BBC9 /* MemoGame.xcdatamodel */;
			path = MemoGame.xcdatamodeld;
			sourceTree = "<group>";
			versionGroupType = wrapper.xcdatamodel;
		};
/* End XCVersionGroup section */
	};
	rootObject = FAFB93E029AB7FE700B7BBC9 /* Project object */;
}
